{
  "name": "senpaijepang",
  "version": "0.1.0",
  "lockfileVersion": 3,
  "requires": true,
  "packages": {
    "": {
      "name": "senpaijepang",
      "version": "0.1.0",
      "workspaces": [
        "apps/*",
        "packages/*"
      ],
      "engines": {
        "node": ">=22"
      }
    },
    "apps/admin": {
      "name": "@senpaijepang/admin",
      "version": "0.1.0"
    },
    "apps/api": {
      "name": "@senpaijepang/api",
      "version": "0.1.0"
    },
    "apps/dashboard": {
      "name": "@senpaijepang/dashboard",
      "version": "0.1.0"
    },
    "apps/web-sdm": {
      "name": "@senpaijepang/web-sdm",
      "version": "0.1.0"
    },
    "node_modules/@senpaijepang/admin": {
      "resolved": "apps/admin",
      "link": true
    },
    "node_modules/@senpaijepang/api": {
      "resolved": "apps/api",
      "link": true
    },
    "node_modules/@senpaijepang/config": {
      "resolved": "packages/config",
      "link": true
    },
    "node_modules/@senpaijepang/dashboard": {
      "resolved": "apps/dashboard",
      "link": true
    },
    "node_modules/@senpaijepang/types": {
      "resolved": "packages/types",
      "link": true
    },
    "node_modules/@senpaijepang/ui": {
      "resolved": "packages/ui",
      "link": true
    },
    "node_modules/@senpaijepang/web-sdm": {
      "resolved": "apps/web-sdm",
      "link": true
    },
    "packages/config": {
      "name": "@senpaijepang/config",
      "version": "0.1.0"
    },
    "packages/types": {
      "name": "@senpaijepang/types",
      "version": "0.1.0"
    },
    "packages/ui": {
      "name": "@senpaijepang/ui",
      "version": "0.1.0"
    }
  }
}
